// !$*UTF8*$!
{
	archiveVersion = 1;
	classes = {
	};
	objectVersion = 46;
	objects = {

/* Begin PBXAggregateTarget section */
		0306ABFE956A42F9B66CE1BB /* ALL_BUILD */ = {
			isa = PBXAggregateTarget;
			buildConfigurationList = D94D9E4775474819A42E5A0E /* Build configuration list for PBXAggregateTarget "ALL_BUILD" */;
			buildPhases = (
				27C9298FA7944033AEA838CA /* CMake Rules */,
			);
			dependencies = (
				442FAA5909B747FE99A65559 /* PBXTargetDependency */,
				A5A95227FEAC4F4EA9924BEC /* PBXTargetDependency */,
			);
			name = ALL_BUILD;
			productName = ALL_BUILD;
		};
		F543D17E59964D298CF886C2 /* ZERO_CHECK */ = {
			isa = PBXAggregateTarget;
			buildConfigurationList = 8B4663DF47F243088DDC6D99 /* Build configuration list for PBXAggregateTarget "ZERO_CHECK" */;
			buildPhases = (
				D5B4A7E2A25E4D72AE7AFA4E /* CMake Rules */,
			);
			dependencies = (
			);
			name = ZERO_CHECK;
			productName = ZERO_CHECK;
		};
/* End PBXAggregateTarget section */

/* Begin PBXBuildFile section */
		0E933C9CF275442EAC31E6C6 /* /Users/johnmcmillan/GP2BaseCode/src/main.cpp */ = {isa = PBXBuildFile; fileRef = 79D0231E55DA48709B111BA7 /* /Users/johnmcmillan/GP2BaseCode/src/main.cpp */; settings = {COMPILER_FLAGS = ""; }; };
		184ABA9246DB4FF788E5FCFD /* /Users/johnmcmillan/GP2BaseCode/include/Common.h */ = {isa = PBXBuildFile; fileRef = EB65AD98EB884C76ABF00C7E /* /Users/johnmcmillan/GP2BaseCode/include/Common.h */; settings = {COMPILER_FLAGS = ""; }; };
		1B2F003AAD244196B2984772 /* /Users/johnmcmillan/GP2BaseCode/include/Shader.h */ = {isa = PBXBuildFile; fileRef = 275725AE54E6499EA886CA7C /* /Users/johnmcmillan/GP2BaseCode/include/Shader.h */; settings = {COMPILER_FLAGS = ""; }; };
		4E5993140F674DD087177697 /* /Users/johnmcmillan/GP2BaseCode/include/Graphics.h */ = {isa = PBXBuildFile; fileRef = B95B19C5C5EF478EA8AF5B71 /* /Users/johnmcmillan/GP2BaseCode/include/Graphics.h */; settings = {COMPILER_FLAGS = ""; }; };
		51739146395E475CB3B6F347 /* /Users/johnmcmillan/GP2BaseCode/src/Shader.cpp */ = {isa = PBXBuildFile; fileRef = 789EFB20B1B542DAA16CF064 /* /Users/johnmcmillan/GP2BaseCode/src/Shader.cpp */; settings = {COMPILER_FLAGS = ""; }; };
		5477FAB1177C4F10ABB35A10 /* /Users/johnmcmillan/GP2BaseCode/src/Graphics.cpp */ = {isa = PBXBuildFile; fileRef = D791EE4753DD4572AC95DAC5 /* /Users/johnmcmillan/GP2BaseCode/src/Graphics.cpp */; settings = {COMPILER_FLAGS = ""; }; };
		6456006B97DB4E989245FD50 /* /Users/johnmcmillan/GP2BaseCode/CMakeLists.txt */ = {isa = PBXBuildFile; fileRef = E65FB3CF2DEA4E9B8729057F /* /Users/johnmcmillan/GP2BaseCode/CMakeLists.txt */; settings = {COMPILER_FLAGS = ""; }; };
/* End PBXBuildFile section */

/* Begin PBXBuildStyle section */
		2DF88703BA8245B1978B5AA1 /* RelWithDebInfo */ = {
			isa = PBXBuildStyle;
			buildSettings = {
				COPY_PHASE_STRIP = NO;
			};
			name = RelWithDebInfo;
		};
		550606C9D0F9432086842357 /* MinSizeRel */ = {
			isa = PBXBuildStyle;
			buildSettings = {
				COPY_PHASE_STRIP = NO;
			};
			name = MinSizeRel;
		};
		8A1A4CE2A3194CE7A779415D /* Debug */ = {
			isa = PBXBuildStyle;
			buildSettings = {
				COPY_PHASE_STRIP = NO;
			};
			name = Debug;
		};
		997DD325CC754BB88E2D0C44 /* Release */ = {
			isa = PBXBuildStyle;
			buildSettings = {
				COPY_PHASE_STRIP = NO;
			};
			name = Release;
		};
		C92A1CDAC1DA459190F96FB7 = {
			isa = PBXBuildStyle;
		};
/* End PBXBuildStyle section */

/* Begin PBXContainerItemProxy section */
		6196DA830CCD408093F455ED /* PBXContainerItemProxy */ = {
			isa = PBXContainerItemProxy;
			containerPortal = 18FDB4BDFE8641F8B50F92DE /* Project object */;
			proxyType = 1;
			remoteGlobalIDString = F543D17E59964D298CF886C2;
			remoteInfo = ZERO_CHECK;
		};
		704825C47FCE4BF4A6973080 /* PBXContainerItemProxy */ = {
			isa = PBXContainerItemProxy;
			containerPortal = 18FDB4BDFE8641F8B50F92DE /* Project object */;
			proxyType = 1;
			remoteGlobalIDString = F543D17E59964D298CF886C2;
			remoteInfo = ZERO_CHECK;
		};
		8B4AFD05F2CB418CBEDDDCD5 /* PBXContainerItemProxy */ = {
			isa = PBXContainerItemProxy;
			containerPortal = 18FDB4BDFE8641F8B50F92DE /* Project object */;
			proxyType = 1;
			remoteGlobalIDString = 79B19C9F7DF04E288CF16502;
			remoteInfo = GP2BaseCode;
		};
/* End PBXContainerItemProxy section */

/* Begin PBXFileReference section */
		245911FAEC6E425896EF7EF9 /* GP2BaseCode */ = {isa = PBXFileReference; explicitFileType = "compiled.mach-o.executable"; path = GP2BaseCode; refType = 0; sourceTree = BUILT_PRODUCTS_DIR; };
		275725AE54E6499EA886CA7C /* /Users/johnmcmillan/GP2BaseCode/include/Shader.h */ = {isa = PBXFileReference; explicitFileType = sourcecode.c.h; fileEncoding = 4; name = Shader.h; path = include/Shader.h; sourceTree = SOURCE_ROOT; };
		789EFB20B1B542DAA16CF064 /* /Users/johnmcmillan/GP2BaseCode/src/Shader.cpp */ = {isa = PBXFileReference; explicitFileType = sourcecode.cpp.cpp; fileEncoding = 4; name = Shader.cpp; path = src/Shader.cpp; sourceTree = SOURCE_ROOT; };
		79D0231E55DA48709B111BA7 /* /Users/johnmcmillan/GP2BaseCode/src/main.cpp */ = {isa = PBXFileReference; explicitFileType = sourcecode.cpp.cpp; fileEncoding = 4; name = main.cpp; path = src/main.cpp; sourceTree = SOURCE_ROOT; };
		B95B19C5C5EF478EA8AF5B71 /* /Users/johnmcmillan/GP2BaseCode/include/Graphics.h */ = {isa = PBXFileReference; explicitFileType = sourcecode.c.h; fileEncoding = 4; name = Graphics.h; path = include/Graphics.h; sourceTree = SOURCE_ROOT; };
		CE8E10F9222347E6A9AB8D50 /* /Users/johnmcmillan/GP2BaseCode/CMakeLists.txt */ = {isa = PBXFileReference; explicitFileType = sourcecode.text; fileEncoding = 4; name = CMakeLists.txt; path = CMakeLists.txt; sourceTree = SOURCE_ROOT; };
		D791EE4753DD4572AC95DAC5 /* /Users/johnmcmillan/GP2BaseCode/src/Graphics.cpp */ = {isa = PBXFileReference; explicitFileType = sourcecode.cpp.cpp; fileEncoding = 4; name = Graphics.cpp; path = src/Graphics.cpp; sourceTree = SOURCE_ROOT; };
		E65FB3CF2DEA4E9B8729057F /* /Users/johnmcmillan/GP2BaseCode/CMakeLists.txt */ = {isa = PBXFileReference; explicitFileType = sourcecode.text; fileEncoding = 4; name = CMakeLists.txt; path = CMakeLists.txt; sourceTree = SOURCE_ROOT; };
		E7E481CC179648018CC15E61 /* /Users/johnmcmillan/GP2BaseCode/CMakeLists.txt */ = {isa = PBXFileReference; explicitFileType = sourcecode.text; fileEncoding = 4; name = CMakeLists.txt; path = CMakeLists.txt; sourceTree = SOURCE_ROOT; };
		EB65AD98EB884C76ABF00C7E /* /Users/johnmcmillan/GP2BaseCode/include/Common.h */ = {isa = PBXFileReference; explicitFileType = sourcecode.c.h; fileEncoding = 4; name = Common.h; path = include/Common.h; sourceTree = SOURCE_ROOT; };
/* End PBXFileReference section */

/* Begin PBXGroup section */
		414CE898C7694310884A602A /* Source Files */ = {
			isa = PBXGroup;
			children = (
				D791EE4753DD4572AC95DAC5 /* /Users/johnmcmillan/GP2BaseCode/src/Graphics.cpp */,
				789EFB20B1B542DAA16CF064 /* /Users/johnmcmillan/GP2BaseCode/src/Shader.cpp */,
				79D0231E55DA48709B111BA7 /* /Users/johnmcmillan/GP2BaseCode/src/main.cpp */,
			);
			name = "Source Files";
			sourceTree = "<group>";
		};
		42D311FFE3644E5EAECBC8BD /* ALL_BUILD */ = {
			isa = PBXGroup;
			children = (
				C3BAC987851642C88481E394 /* CMake Rules */,
				E7E481CC179648018CC15E61 /* /Users/johnmcmillan/GP2BaseCode/CMakeLists.txt */,
			);
			name = ALL_BUILD;
			sourceTree = "<group>";
		};
		560F155011664D229469ACF6 /* ZERO_CHECK */ = {
			isa = PBXGroup;
			children = (
				680E2923A9C5449CB29F4141 /* CMake Rules */,
				CE8E10F9222347E6A9AB8D50 /* /Users/johnmcmillan/GP2BaseCode/CMakeLists.txt */,
			);
			name = ZERO_CHECK;
			sourceTree = "<group>";
		};
		5EDCB689109346AEA394F3AB /* Resources */ = {
			isa = PBXGroup;
			children = (
			);
			name = Resources;
			sourceTree = "<group>";
		};
		6109448EFB11443B8747DB8F /* Sources */ = {
			isa = PBXGroup;
			children = (
				42D311FFE3644E5EAECBC8BD /* ALL_BUILD */,
				E894A9A0E9C94508866313D9 /* GP2BaseCode */,
				560F155011664D229469ACF6 /* ZERO_CHECK */,
			);
			name = Sources;
			sourceTree = "<group>";
		};
		680E2923A9C5449CB29F4141 /* CMake Rules */ = {
			isa = PBXGroup;
			children = (
			);
			name = "CMake Rules";
			sourceTree = "<group>";
		};
		6E3D4F79118E471393E089D8 /* Products */ = {
			isa = PBXGroup;
			children = (
				245911FAEC6E425896EF7EF9 /* GP2BaseCode */,
			);
			name = Products;
			sourceTree = "<group>";
		};
		C3BAC987851642C88481E394 /* CMake Rules */ = {
			isa = PBXGroup;
			children = (
			);
			name = "CMake Rules";
			sourceTree = "<group>";
		};
		E894A9A0E9C94508866313D9 /* GP2BaseCode */ = {
			isa = PBXGroup;
			children = (
				414CE898C7694310884A602A /* Source Files */,
				F272E39E512347A88E51B144 /* Header Files */,
				E65FB3CF2DEA4E9B8729057F /* /Users/johnmcmillan/GP2BaseCode/CMakeLists.txt */,
			);
			name = GP2BaseCode;
			sourceTree = "<group>";
		};
		F1A76B22F48949AAB2CA691B = {
			isa = PBXGroup;
			children = (
				6109448EFB11443B8747DB8F /* Sources */,
				5EDCB689109346AEA394F3AB /* Resources */,
				6E3D4F79118E471393E089D8 /* Products */,
			);
			sourceTree = "<group>";
		};
		F272E39E512347A88E51B144 /* Header Files */ = {
			isa = PBXGroup;
			children = (
				EB65AD98EB884C76ABF00C7E /* /Users/johnmcmillan/GP2BaseCode/include/Common.h */,
				B95B19C5C5EF478EA8AF5B71 /* /Users/johnmcmillan/GP2BaseCode/include/Graphics.h */,
				275725AE54E6499EA886CA7C /* /Users/johnmcmillan/GP2BaseCode/include/Shader.h */,
			);
			name = "Header Files";
			sourceTree = "<group>";
		};
/* End PBXGroup section */

/* Begin PBXNativeTarget section */
		79B19C9F7DF04E288CF16502 /* GP2BaseCode */ = {
			isa = PBXNativeTarget;
			buildConfigurationList = 0EF3EA9EEDB3477B8A44A024 /* Build configuration list for PBXNativeTarget "GP2BaseCode" */;
			buildPhases = (
				AA1355630E1247CC8B83CA6D /* Sources */,
			);
			buildRules = (
			);
			dependencies = (
				130DAC03000345218D6FE83D /* PBXTargetDependency */,
			);
			name = GP2BaseCode;
			productName = GP2BaseCode;
			productReference = 245911FAEC6E425896EF7EF9 /* GP2BaseCode */;
			productType = "com.apple.product-type.tool";
		};
/* End PBXNativeTarget section */

/* Begin PBXProject section */
		18FDB4BDFE8641F8B50F92DE /* Project object */ = {
			isa = PBXProject;
			attributes = {
				BuildIndependentTargetsInParallel = YES;
			};
			buildConfigurationList = 7B73A98CF2594D06A9B57934 /* Build configuration list for PBXProject "GP2BaseCode" */;
			buildSettings = {
			};
			buildStyles = (
				8A1A4CE2A3194CE7A779415D /* Debug */,
				997DD325CC754BB88E2D0C44 /* Release */,
				550606C9D0F9432086842357 /* MinSizeRel */,
				2DF88703BA8245B1978B5AA1 /* RelWithDebInfo */,
			);
			compatibilityVersion = "Xcode 3.2";
			hasScannedForEncodings = 0;
			mainGroup = F1A76B22F48949AAB2CA691B;
			projectDirPath = ../;
			projectRoot = "";
			targets = (
				0306ABFE956A42F9B66CE1BB /* ALL_BUILD */,
				79B19C9F7DF04E288CF16502 /* GP2BaseCode */,
				F543D17E59964D298CF886C2 /* ZERO_CHECK */,
			);
		};
/* End PBXProject section */

/* Begin PBXShellScriptBuildPhase section */
		27C9298FA7944033AEA838CA /* CMake Rules */ = {
			isa = PBXShellScriptBuildPhase;
			buildActionMask = 2147483647;
			files = (
			);
			name = "CMake Rules";
			runOnlyForDeploymentPostprocessing = 0;
			shellPath = /bin/sh;
			shellScript = "make -C /Users/johnmcmillan/GP2BaseCode/builds -f /Users/johnmcmillan/GP2BaseCode/builds/CMakeScripts/ALL_BUILD_cmakeRulesBuildPhase.make$CONFIGURATION all";
			showEnvVarsInLog = 0;
		};
		A071A68ABADF424A90789AE0 = {
			isa = PBXShellScriptBuildPhase;
			buildActionMask = 2147483647;
			files = (
			);
			inputPaths = (
			);
			outputPaths = (
			);
			runOnlyForDeploymentPostprocessing = 0;
			shellPath = /bin/sh;
			shellScript = "# shell script goes here
exit 0";
			showEnvVarsInLog = 0;
		};
		B055463498464C7CB5BE9D58 = {
			isa = PBXShellScriptBuildPhase;
			buildActionMask = 2147483647;
			files = (
			);
			inputPaths = (
			);
			outputPaths = (
			);
			runOnlyForDeploymentPostprocessing = 0;
			shellPath = /bin/sh;
			shellScript = "# shell script goes here
exit 0";
			showEnvVarsInLog = 0;
		};
		D5B4A7E2A25E4D72AE7AFA4E /* CMake Rules */ = {
			isa = PBXShellScriptBuildPhase;
			buildActionMask = 2147483647;
			files = (
			);
			name = "CMake Rules";
			runOnlyForDeploymentPostprocessing = 0;
			shellPath = /bin/sh;
			shellScript = "make -C /Users/johnmcmillan/GP2BaseCode/builds -f /Users/johnmcmillan/GP2BaseCode/builds/CMakeScripts/ZERO_CHECK_cmakeRulesBuildPhase.make$CONFIGURATION all";
			showEnvVarsInLog = 0;
		};
/* End PBXShellScriptBuildPhase section */

/* Begin PBXSourcesBuildPhase section */
		AA1355630E1247CC8B83CA6D /* Sources */ = {
			isa = PBXSourcesBuildPhase;
			buildActionMask = 2147483647;
			files = (
				5477FAB1177C4F10ABB35A10 /* /Users/johnmcmillan/GP2BaseCode/src/Graphics.cpp */,
				51739146395E475CB3B6F347 /* /Users/johnmcmillan/GP2BaseCode/src/Shader.cpp */,
				0E933C9CF275442EAC31E6C6 /* /Users/johnmcmillan/GP2BaseCode/src/main.cpp */,
			);
			runOnlyForDeploymentPostprocessing = 0;
		};
/* End PBXSourcesBuildPhase section */

/* Begin PBXTargetDependency section */
		130DAC03000345218D6FE83D /* PBXTargetDependency */ = {
			isa = PBXTargetDependency;
			target = F543D17E59964D298CF886C2 /* ZERO_CHECK */;
			targetProxy = 704825C47FCE4BF4A6973080 /* PBXContainerItemProxy */;
		};
		442FAA5909B747FE99A65559 /* PBXTargetDependency */ = {
			isa = PBXTargetDependency;
			target = F543D17E59964D298CF886C2 /* ZERO_CHECK */;
			targetProxy = 6196DA830CCD408093F455ED /* PBXContainerItemProxy */;
		};
		A5A95227FEAC4F4EA9924BEC /* PBXTargetDependency */ = {
			isa = PBXTargetDependency;
			target = 79B19C9F7DF04E288CF16502 /* GP2BaseCode */;
			targetProxy = 8B4AFD05F2CB418CBEDDDCD5 /* PBXContainerItemProxy */;
		};
/* End PBXTargetDependency section */

/* Begin XCBuildConfiguration section */
		02D44B1FE27846CFBA929B75 /* MinSizeRel */ = {
			isa = XCBuildConfiguration;
			buildSettings = {
				COMBINE_HIDPI_IMAGES = YES;
				EXECUTABLE_PREFIX = "";
				EXECUTABLE_SUFFIX = "";
				GCC_GENERATE_DEBUGGING_SYMBOLS = NO;
				GCC_INLINES_ARE_PRIVATE_EXTERN = NO;
				GCC_OPTIMIZATION_LEVEL = s;
				GCC_PREPROCESSOR_DEFINITIONS = ("'CMAKE_INTDIR=\"$(CONFIGURATION)$(EFFECTIVE_PLATFORM_NAME)\"'", );
				GCC_SYMBOLS_PRIVATE_EXTERN = NO;
				HEADER_SEARCH_PATHS = (/Users/johnmcmillan/GP2BaseCode/GP2BaseCode, /Users/johnmcmillan/GP2BaseCode/include, /opt/local/include/SDL2, /opt/local/include, );
				INSTALL_PATH = "";
				LIBRARY_SEARCH_PATHS = "";
				OTHER_CPLUSPLUSFLAGS = "-std=c++0x       -DNDEBUG  ";
				OTHER_LDFLAGS = " -Wl,-search_paths_first -Wl,-headerpad_max_install_names  /opt/local/lib/libSDL2main.a /opt/local/lib/libSDL2.dylib -framework Cocoa -framework AGL -framework OpenGL /opt/local/lib/libGLEW.dylib";
				OTHER_REZFLAGS = "";
				PRODUCT_NAME = GP2BaseCode;
				SECTORDER_FLAGS = "";
				SYMROOT = /Users/johnmcmillan/GP2BaseCode/builds;
				USE_HEADERMAP = NO;
				WARNING_CFLAGS = ("-Wmost", "-Wno-four-char-constants", "-Wno-unknown-pragmas", "$(inherited)", );
			};
			name = MinSizeRel;
		};
		1522917DEA97476D94CF121C /* Debug */ = {
			isa = XCBuildConfiguration;
			buildSettings = {
				COMBINE_HIDPI_IMAGES = YES;
				EXECUTABLE_PREFIX = "";
				EXECUTABLE_SUFFIX = "";
				GCC_GENERATE_DEBUGGING_SYMBOLS = YES;
				GCC_INLINES_ARE_PRIVATE_EXTERN = NO;
				GCC_OPTIMIZATION_LEVEL = 0;
				GCC_PREPROCESSOR_DEFINITIONS = ("'CMAKE_INTDIR=\"$(CONFIGURATION)$(EFFECTIVE_PLATFORM_NAME)\"'", );
				GCC_SYMBOLS_PRIVATE_EXTERN = NO;
				HEADER_SEARCH_PATHS = (/Users/johnmcmillan/GP2BaseCode/GP2BaseCode, /Users/johnmcmillan/GP2BaseCode/include, /opt/local/include/SDL2, /opt/local/include, );
				INSTALL_PATH = "";
				LIBRARY_SEARCH_PATHS = "";
				OTHER_CPLUSPLUSFLAGS = "-std=c++0x       ";
				OTHER_LDFLAGS = " -Wl,-search_paths_first -Wl,-headerpad_max_install_names  /opt/local/lib/libSDL2main.a /opt/local/lib/libSDL2.dylib -framework Cocoa -framework AGL -framework OpenGL /opt/local/lib/libGLEW.dylib";
				OTHER_REZFLAGS = "";
				PRODUCT_NAME = GP2BaseCode;
				SECTORDER_FLAGS = "";
				SYMROOT = /Users/johnmcmillan/GP2BaseCode/builds;
				USE_HEADERMAP = NO;
				WARNING_CFLAGS = ("-Wmost", "-Wno-four-char-constants", "-Wno-unknown-pragmas", "$(inherited)", );
			};
			name = Debug;
		};
		182FBDB578FE45EBBF4B6ACB /* Debug */ = {
			isa = XCBuildConfiguration;
			buildSettings = {
				ONLY_ACTIVE_ARCH = YES;
				SDKROOT = /Applications/Xcode.app/Contents/Developer/Platforms/MacOSX.platform/Developer/SDKs/MacOSX10.11.sdk;
				SYMROOT = /Users/johnmcmillan/GP2BaseCode/builds/build;
			};
			name = Debug;
		};
		18AB5458676E466C97674C24 /* Release */ = {
			isa = XCBuildConfiguration;
			buildSettings = {
				COMBINE_HIDPI_IMAGES = YES;
				GCC_GENERATE_DEBUGGING_SYMBOLS = YES;
				GCC_INLINES_ARE_PRIVATE_EXTERN = NO;
				GCC_OPTIMIZATION_LEVEL = 0;
				GCC_PREPROCESSOR_DEFINITIONS = ("'CMAKE_INTDIR=\"$(CONFIGURATION)$(EFFECTIVE_PLATFORM_NAME)\"'", );
				GCC_SYMBOLS_PRIVATE_EXTERN = NO;
				HEADER_SEARCH_PATHS = (/Users/johnmcmillan/GP2BaseCode/GP2BaseCode, /Users/johnmcmillan/GP2BaseCode/include, /opt/local/include/SDL2, /opt/local/include, );
				INSTALL_PATH = "";
				OTHER_LDFLAGS = " ";
				OTHER_REZFLAGS = "";
				PRODUCT_NAME = ZERO_CHECK;
				SECTORDER_FLAGS = "";
				SYMROOT = /Users/johnmcmillan/GP2BaseCode/builds;
				USE_HEADERMAP = NO;
				WARNING_CFLAGS = ("-Wmost", "-Wno-four-char-constants", "-Wno-unknown-pragmas", "$(inherited)", );
			};
			name = Release;
		};
		28801509D5DB43E6A62DDBCE /* Debug */ = {
			isa = XCBuildConfiguration;
			buildSettings = {
				COMBINE_HIDPI_IMAGES = YES;
				GCC_GENERATE_DEBUGGING_SYMBOLS = YES;
				GCC_INLINES_ARE_PRIVATE_EXTERN = NO;
				GCC_OPTIMIZATION_LEVEL = 0;
				GCC_PREPROCESSOR_DEFINITIONS = ("'CMAKE_INTDIR=\"$(CONFIGURATION)$(EFFECTIVE_PLATFORM_NAME)\"'", );
				GCC_SYMBOLS_PRIVATE_EXTERN = NO;
				HEADER_SEARCH_PATHS = (/Users/johnmcmillan/GP2BaseCode/GP2BaseCode, /Users/johnmcmillan/GP2BaseCode/include, /opt/local/include/SDL2, /opt/local/include, );
				INSTALL_PATH = "";
				OTHER_LDFLAGS = " ";
				OTHER_REZFLAGS = "";
				PRODUCT_NAME = ALL_BUILD;
				SECTORDER_FLAGS = "";
				SYMROOT = /Users/johnmcmillan/GP2BaseCode/builds;
				USE_HEADERMAP = NO;
				WARNING_CFLAGS = ("-Wmost", "-Wno-four-char-constants", "-Wno-unknown-pragmas", "$(inherited)", );
			};
			name = Debug;
		};
		28D727A30B244586BC034384 /* RelWithDebInfo */ = {
			isa = XCBuildConfiguration;
			buildSettings = {
				COMBINE_HIDPI_IMAGES = YES;
				GCC_GENERATE_DEBUGGING_SYMBOLS = YES;
				GCC_INLINES_ARE_PRIVATE_EXTERN = NO;
				GCC_OPTIMIZATION_LEVEL = 0;
				GCC_PREPROCESSOR_DEFINITIONS = ("'CMAKE_INTDIR=\"$(CONFIGURATION)$(EFFECTIVE_PLATFORM_NAME)\"'", );
				GCC_SYMBOLS_PRIVATE_EXTERN = NO;
				HEADER_SEARCH_PATHS = (/Users/johnmcmillan/GP2BaseCode/GP2BaseCode, /Users/johnmcmillan/GP2BaseCode/include, /opt/local/include/SDL2, /opt/local/include, );
				INSTALL_PATH = "";
				OTHER_LDFLAGS = " ";
				OTHER_REZFLAGS = "";
				PRODUCT_NAME = ZERO_CHECK;
				SECTORDER_FLAGS = "";
				SYMROOT = /Users/johnmcmillan/GP2BaseCode/builds;
				USE_HEADERMAP = NO;
				WARNING_CFLAGS = ("-Wmost", "-Wno-four-char-constants", "-Wno-unknown-pragmas", "$(inherited)", );
			};
			name = RelWithDebInfo;
		};
		305D533E13D24C29B4AD35EE /* Release */ = {
			isa = XCBuildConfiguration;
			buildSettings = {
				COMBINE_HIDPI_IMAGES = YES;
				GCC_GENERATE_DEBUGGING_SYMBOLS = YES;
				GCC_INLINES_ARE_PRIVATE_EXTERN = NO;
				GCC_OPTIMIZATION_LEVEL = 0;
				GCC_PREPROCESSOR_DEFINITIONS = ("'CMAKE_INTDIR=\"$(CONFIGURATION)$(EFFECTIVE_PLATFORM_NAME)\"'", );
				GCC_SYMBOLS_PRIVATE_EXTERN = NO;
				HEADER_SEARCH_PATHS = (/Users/johnmcmillan/GP2BaseCode/GP2BaseCode, /Users/johnmcmillan/GP2BaseCode/include, /opt/local/include/SDL2, /opt/local/include, );
				INSTALL_PATH = "";
				OTHER_LDFLAGS = " ";
				OTHER_REZFLAGS = "";
				PRODUCT_NAME = ALL_BUILD;
				SECTORDER_FLAGS = "";
				SYMROOT = /Users/johnmcmillan/GP2BaseCode/builds;
				USE_HEADERMAP = NO;
				WARNING_CFLAGS = ("-Wmost", "-Wno-four-char-constants", "-Wno-unknown-pragmas", "$(inherited)", );
			};
			name = Release;
		};
		74AF2D7B86E840B8BB01F88D /* Release */ = {
			isa = XCBuildConfiguration;
			buildSettings = {
				COMBINE_HIDPI_IMAGES = YES;
				EXECUTABLE_PREFIX = "";
				EXECUTABLE_SUFFIX = "";
				GCC_GENERATE_DEBUGGING_SYMBOLS = NO;
				GCC_INLINES_ARE_PRIVATE_EXTERN = NO;
				GCC_OPTIMIZATION_LEVEL = 3;
				GCC_PREPROCESSOR_DEFINITIONS = ("'CMAKE_INTDIR=\"$(CONFIGURATION)$(EFFECTIVE_PLATFORM_NAME)\"'", );
				GCC_SYMBOLS_PRIVATE_EXTERN = NO;
				HEADER_SEARCH_PATHS = (/Users/johnmcmillan/GP2BaseCode/GP2BaseCode, /Users/johnmcmillan/GP2BaseCode/include, /opt/local/include/SDL2, /opt/local/include, );
				INSTALL_PATH = "";
				LIBRARY_SEARCH_PATHS = "";
				OTHER_CPLUSPLUSFLAGS = "-std=c++0x       -DNDEBUG  ";
				OTHER_LDFLAGS = " -Wl,-search_paths_first -Wl,-headerpad_max_install_names  /opt/local/lib/libSDL2main.a /opt/local/lib/libSDL2.dylib -framework Cocoa -framework AGL -framework OpenGL /opt/local/lib/libGLEW.dylib";
				OTHER_REZFLAGS = "";
				PRODUCT_NAME = GP2BaseCode;
				SECTORDER_FLAGS = "";
				SYMROOT = /Users/johnmcmillan/GP2BaseCode/builds;
				USE_HEADERMAP = NO;
				WARNING_CFLAGS = ("-Wmost", "-Wno-four-char-constants", "-Wno-unknown-pragmas", "$(inherited)", );
			};
			name = Release;
		};
		886C88513A434C408181E2C6 /* Release */ = {
			isa = XCBuildConfiguration;
			buildSettings = {
				ONLY_ACTIVE_ARCH = YES;
				SDKROOT = /Applications/Xcode.app/Contents/Developer/Platforms/MacOSX.platform/Developer/SDKs/MacOSX10.11.sdk;
				SYMROOT = /Users/johnmcmillan/GP2BaseCode/builds/build;
			};
			name = Release;
		};
		8E817844A04747F691A173AB /* RelWithDebInfo */ = {
			isa = XCBuildConfiguration;
			buildSettings = {
				COMBINE_HIDPI_IMAGES = YES;
				EXECUTABLE_PREFIX = "";
				EXECUTABLE_SUFFIX = "";
				GCC_GENERATE_DEBUGGING_SYMBOLS = YES;
				GCC_INLINES_ARE_PRIVATE_EXTERN = NO;
				GCC_OPTIMIZATION_LEVEL = 2;
				GCC_PREPROCESSOR_DEFINITIONS = ("'CMAKE_INTDIR=\"$(CONFIGURATION)$(EFFECTIVE_PLATFORM_NAME)\"'", );
				GCC_SYMBOLS_PRIVATE_EXTERN = NO;
				HEADER_SEARCH_PATHS = (/Users/johnmcmillan/GP2BaseCode/GP2BaseCode, /Users/johnmcmillan/GP2BaseCode/include, /opt/local/include/SDL2, /opt/local/include, );
				INSTALL_PATH = "";
				LIBRARY_SEARCH_PATHS = "";
				OTHER_CPLUSPLUSFLAGS = "-std=c++0x          -DNDEBUG  ";
				OTHER_LDFLAGS = " -Wl,-search_paths_first -Wl,-headerpad_max_install_names  /opt/local/lib/libSDL2main.a /opt/local/lib/libSDL2.dylib -framework Cocoa -framework AGL -framework OpenGL /opt/local/lib/libGLEW.dylib";
				OTHER_REZFLAGS = "";
				PRODUCT_NAME = GP2BaseCode;
				SECTORDER_FLAGS = "";
				SYMROOT = /Users/johnmcmillan/GP2BaseCode/builds;
				USE_HEADERMAP = NO;
				WARNING_CFLAGS = ("-Wmost", "-Wno-four-char-constants", "-Wno-unknown-pragmas", "$(inherited)", );
			};
			name = RelWithDebInfo;
		};
		A0F44CEBF32F4ECA9CE6BC9B /* MinSizeRel */ = {
			isa = XCBuildConfiguration;
			buildSettings = {
				COMBINE_HIDPI_IMAGES = YES;
				GCC_GENERATE_DEBUGGING_SYMBOLS = YES;
				GCC_INLINES_ARE_PRIVATE_EXTERN = NO;
				GCC_OPTIMIZATION_LEVEL = 0;
				GCC_PREPROCESSOR_DEFINITIONS = ("'CMAKE_INTDIR=\"$(CONFIGURATION)$(EFFECTIVE_PLATFORM_NAME)\"'", );
				GCC_SYMBOLS_PRIVATE_EXTERN = NO;
				HEADER_SEARCH_PATHS = (/Users/johnmcmillan/GP2BaseCode/GP2BaseCode, /Users/johnmcmillan/GP2BaseCode/include, /opt/local/include/SDL2, /opt/local/include, );
				INSTALL_PATH = "";
				OTHER_LDFLAGS = " ";
				OTHER_REZFLAGS = "";
				PRODUCT_NAME = ALL_BUILD;
				SECTORDER_FLAGS = "";
				SYMROOT = /Users/johnmcmillan/GP2BaseCode/builds;
				USE_HEADERMAP = NO;
				WARNING_CFLAGS = ("-Wmost", "-Wno-four-char-constants", "-Wno-unknown-pragmas", "$(inherited)", );
			};
			name = MinSizeRel;
		};
		B6EBC051F5D5493EA58F672C /* Debug */ = {
			isa = XCBuildConfiguration;
			buildSettings = {
				COMBINE_HIDPI_IMAGES = YES;
				GCC_GENERATE_DEBUGGING_SYMBOLS = YES;
				GCC_INLINES_ARE_PRIVATE_EXTERN = NO;
				GCC_OPTIMIZATION_LEVEL = 0;
				GCC_PREPROCESSOR_DEFINITIONS = ("'CMAKE_INTDIR=\"$(CONFIGURATION)$(EFFECTIVE_PLATFORM_NAME)\"'", );
				GCC_SYMBOLS_PRIVATE_EXTERN = NO;
				HEADER_SEARCH_PATHS = (/Users/johnmcmillan/GP2BaseCode/GP2BaseCode, /Users/johnmcmillan/GP2BaseCode/include, /opt/local/include/SDL2, /opt/local/include, );
				INSTALL_PATH = "";
				OTHER_LDFLAGS = " ";
				OTHER_REZFLAGS = "";
				PRODUCT_NAME = ZERO_CHECK;
				SECTORDER_FLAGS = "";
				SYMROOT = /Users/johnmcmillan/GP2BaseCode/builds;
				USE_HEADERMAP = NO;
				WARNING_CFLAGS = ("-Wmost", "-Wno-four-char-constants", "-Wno-unknown-pragmas", "$(inherited)", );
			};
			name = Debug;
		};
		CC66E5E105DC4FC286D53422 /* RelWithDebInfo */ = {
			isa = XCBuildConfiguration;
			buildSettings = {
				ONLY_ACTIVE_ARCH = YES;
				SDKROOT = /Applications/Xcode.app/Contents/Developer/Platforms/MacOSX.platform/Developer/SDKs/MacOSX10.11.sdk;
				SYMROOT = /Users/johnmcmillan/GP2BaseCode/builds/build;
			};
			name = RelWithDebInfo;
		};
		CE52CB10D34448F880C578DF /* MinSizeRel */ = {
			isa = XCBuildConfiguration;
			buildSettings = {
				ONLY_ACTIVE_ARCH = YES;
				SDKROOT = /Applications/Xcode.app/Contents/Developer/Platforms/MacOSX.platform/Developer/SDKs/MacOSX10.11.sdk;
				SYMROOT = /Users/johnmcmillan/GP2BaseCode/builds/build;
			};
			name = MinSizeRel;
		};
		D6622B33A5224585AA1DAC49 /* RelWithDebInfo */ = {
			isa = XCBuildConfiguration;
			buildSettings = {
				COMBINE_HIDPI_IMAGES = YES;
				GCC_GENERATE_DEBUGGING_SYMBOLS = YES;
				GCC_INLINES_ARE_PRIVATE_EXTERN = NO;
				GCC_OPTIMIZATION_LEVEL = 0;
				GCC_PREPROCESSOR_DEFINITIONS = ("'CMAKE_INTDIR=\"$(CONFIGURATION)$(EFFECTIVE_PLATFORM_NAME)\"'", );
				GCC_SYMBOLS_PRIVATE_EXTERN = NO;
				HEADER_SEARCH_PATHS = (/Users/johnmcmillan/GP2BaseCode/GP2BaseCode, /Users/johnmcmillan/GP2BaseCode/include, /opt/local/include/SDL2, /opt/local/include, );
				INSTALL_PATH = "";
				OTHER_LDFLAGS = " ";
				OTHER_REZFLAGS = "";
				PRODUCT_NAME = ALL_BUILD;
				SECTORDER_FLAGS = "";
				SYMROOT = /Users/johnmcmillan/GP2BaseCode/builds;
				USE_HEADERMAP = NO;
				WARNING_CFLAGS = ("-Wmost", "-Wno-four-char-constants", "-Wno-unknown-pragmas", "$(inherited)", );
			};
			name = RelWithDebInfo;
		};
		FA0B185A395E4B76A84A1DC6 /* MinSizeRel */ = {
			isa = XCBuildConfiguration;
			buildSettings = {
				COMBINE_HIDPI_IMAGES = YES;
				GCC_GENERATE_DEBUGGING_SYMBOLS = YES;
				GCC_INLINES_ARE_PRIVATE_EXTERN = NO;
				GCC_OPTIMIZATION_LEVEL = 0;
				GCC_PREPROCESSOR_DEFINITIONS = ("'CMAKE_INTDIR=\"$(CONFIGURATION)$(EFFECTIVE_PLATFORM_NAME)\"'", );
				GCC_SYMBOLS_PRIVATE_EXTERN = NO;
				HEADER_SEARCH_PATHS = (/Users/johnmcmillan/GP2BaseCode/GP2BaseCode, /Users/johnmcmillan/GP2BaseCode/include, /opt/local/include/SDL2, /opt/local/include, );
				INSTALL_PATH = "";
				OTHER_LDFLAGS = " ";
				OTHER_REZFLAGS = "";
				PRODUCT_NAME = ZERO_CHECK;
				SECTORDER_FLAGS = "";
				SYMROOT = /Users/johnmcmillan/GP2BaseCode/builds;
				USE_HEADERMAP = NO;
				WARNING_CFLAGS = ("-Wmost", "-Wno-four-char-constants", "-Wno-unknown-pragmas", "$(inherited)", );
			};
			name = MinSizeRel;
		};
/* End XCBuildConfiguration section */

/* Begin XCConfigurationList section */
		0EF3EA9EEDB3477B8A44A024 /* Build configuration list for PBXNativeTarget "GP2BaseCode" */ = {
			isa = XCConfigurationList;
			buildConfigurations = (
				1522917DEA97476D94CF121C /* Debug */,
				74AF2D7B86E840B8BB01F88D /* Release */,
				02D44B1FE27846CFBA929B75 /* MinSizeRel */,
				8E817844A04747F691A173AB /* RelWithDebInfo */,
			);
			defaultConfigurationIsVisible = 0;
			defaultConfigurationName = Debug;
		};
		7B73A98CF2594D06A9B57934 /* Build configuration list for PBXProject "GP2BaseCode" */ = {
			isa = XCConfigurationList;
			buildConfigurations = (
				182FBDB578FE45EBBF4B6ACB /* Debug */,
				886C88513A434C408181E2C6 /* Release */,
				CE52CB10D34448F880C578DF /* MinSizeRel */,
				CC66E5E105DC4FC286D53422 /* RelWithDebInfo */,
			);
			defaultConfigurationIsVisible = 0;
			defaultConfigurationName = Debug;
		};
		8B4663DF47F243088DDC6D99 /* Build configuration list for PBXAggregateTarget "ZERO_CHECK" */ = {
			isa = XCConfigurationList;
			buildConfigurations = (
				B6EBC051F5D5493EA58F672C /* Debug */,
				18AB5458676E466C97674C24 /* Release */,
				FA0B185A395E4B76A84A1DC6 /* MinSizeRel */,
				28D727A30B244586BC034384 /* RelWithDebInfo */,
			);
			defaultConfigurationIsVisible = 0;
			defaultConfigurationName = Debug;
		};
		D94D9E4775474819A42E5A0E /* Build configuration list for PBXAggregateTarget "ALL_BUILD" */ = {
			isa = XCConfigurationList;
			buildConfigurations = (
				28801509D5DB43E6A62DDBCE /* Debug */,
				305D533E13D24C29B4AD35EE /* Release */,
				A0F44CEBF32F4ECA9CE6BC9B /* MinSizeRel */,
				D6622B33A5224585AA1DAC49 /* RelWithDebInfo */,
			);
			defaultConfigurationIsVisible = 0;
			defaultConfigurationName = Debug;
		};
/* End XCConfigurationList section */
	};
	rootObject = 18FDB4BDFE8641F8B50F92DE /* Project object */;
}
