// !$*UTF8*$!
{
	archiveVersion = 1;
	classes = {
	};
	objectVersion = 46;
	objects = {

/* Begin PBXAggregateTarget section */
		56942119AA2347D294E56DF3 /* ALL_BUILD */ = {
			isa = PBXAggregateTarget;
			buildConfigurationList = 8C633F7659E3428287FE5CB0 /* Build configuration list for PBXAggregateTarget "ALL_BUILD" */;
			buildPhases = (
				08D353485A4E4B71919684BD /* CMake Rules */,
			);
			dependencies = (
				6D30780E3F8B47FCB5CFAF94 /* PBXTargetDependency */,
				84B2B12353E54CBA997E222E /* PBXTargetDependency */,
			);
			name = ALL_BUILD;
			productName = ALL_BUILD;
		};
		A95FEAB3CB3F4BA3852CE2B6 /* ZERO_CHECK */ = {
			isa = PBXAggregateTarget;
			buildConfigurationList = 4EFB112F4E6B4829B6E5BAFF /* Build configuration list for PBXAggregateTarget "ZERO_CHECK" */;
			buildPhases = (
				7E7950B300E343C59D0D6539 /* CMake Rules */,
			);
			dependencies = (
			);
			name = ZERO_CHECK;
			productName = ZERO_CHECK;
		};
/* End PBXAggregateTarget section */

/* Begin PBXBuildFile section */
		1315524202E94D1E9F635664 /* /Users/johnmcmillan/GP2BaseCode/include/Common.h */ = {isa = PBXBuildFile; fileRef = 17B4C918734145A6BE0CDA0F /* /Users/johnmcmillan/GP2BaseCode/include/Common.h */; settings = {COMPILER_FLAGS = ""; }; };
		2A1C70B49D1E4F5A8F1CB9FF /* /Users/johnmcmillan/GP2BaseCode/src/main.cpp */ = {isa = PBXBuildFile; fileRef = 9EC51D422BA44970BC56466C /* /Users/johnmcmillan/GP2BaseCode/src/main.cpp */; settings = {COMPILER_FLAGS = ""; }; };
		336600B0F94E49FEBD17FFA0 /* /Users/johnmcmillan/GP2BaseCode/include/Texture.h */ = {isa = PBXBuildFile; fileRef = 6C44FD8F435A4AD091402204 /* /Users/johnmcmillan/GP2BaseCode/include/Texture.h */; settings = {COMPILER_FLAGS = ""; }; };
		48B003651B344E6E8AE79579 /* /Users/johnmcmillan/GP2BaseCode/src/Shader.cpp */ = {isa = PBXBuildFile; fileRef = 63A094F33BB5458E8F88511E /* /Users/johnmcmillan/GP2BaseCode/src/Shader.cpp */; settings = {COMPILER_FLAGS = ""; }; };
		608A375BA3434248B0650414 /* /Users/johnmcmillan/GP2BaseCode/src/Graphics.cpp */ = {isa = PBXBuildFile; fileRef = 23F7F27908F84AA6A59E110B /* /Users/johnmcmillan/GP2BaseCode/src/Graphics.cpp */; settings = {COMPILER_FLAGS = ""; }; };
		82E26078212B4211BA78F5CC /* /Users/johnmcmillan/GP2BaseCode/include/Shader.h */ = {isa = PBXBuildFile; fileRef = 48436FD711DD4C03995C5E05 /* /Users/johnmcmillan/GP2BaseCode/include/Shader.h */; settings = {COMPILER_FLAGS = ""; }; };
		A8B13789653C4327BC124595 /* /Users/johnmcmillan/GP2BaseCode/src/Texture.cpp */ = {isa = PBXBuildFile; fileRef = 1A00382C142F499FB69689D8 /* /Users/johnmcmillan/GP2BaseCode/src/Texture.cpp */; settings = {COMPILER_FLAGS = ""; }; };
		B988A711C0CA4DE6B6F4B72E /* /Users/johnmcmillan/GP2BaseCode/include/Graphics.h */ = {isa = PBXBuildFile; fileRef = 91188A17706045D19848BFBA /* /Users/johnmcmillan/GP2BaseCode/include/Graphics.h */; settings = {COMPILER_FLAGS = ""; }; };
		CC1A0E476E2048819908BBB5 /* /Users/johnmcmillan/GP2BaseCode/CMakeLists.txt */ = {isa = PBXBuildFile; fileRef = AA0521B68C364B7888BB464F /* /Users/johnmcmillan/GP2BaseCode/CMakeLists.txt */; settings = {COMPILER_FLAGS = ""; }; };
/* End PBXBuildFile section */

/* Begin PBXBuildStyle section */
		1032788F432647EEB188B66E /* Release */ = {
			isa = PBXBuildStyle;
			buildSettings = {
				COPY_PHASE_STRIP = NO;
			};
			name = Release;
		};
		2DC9F9D354B84C8DA7B20362 /* Debug */ = {
			isa = PBXBuildStyle;
			buildSettings = {
				COPY_PHASE_STRIP = NO;
			};
			name = Debug;
		};
		9EC5F595FC424AE2A5DC8A40 /* RelWithDebInfo */ = {
			isa = PBXBuildStyle;
			buildSettings = {
				COPY_PHASE_STRIP = NO;
			};
			name = RelWithDebInfo;
		};
		BE947FFE082748E5BEB14B93 = {
			isa = PBXBuildStyle;
		};
		DADDBA4073ED42CDB301A074 /* MinSizeRel */ = {
			isa = PBXBuildStyle;
			buildSettings = {
				COPY_PHASE_STRIP = NO;
			};
			name = MinSizeRel;
		};
/* End PBXBuildStyle section */

/* Begin PBXContainerItemProxy section */
		6834B062C7C4499A9639DD59 /* PBXContainerItemProxy */ = {
			isa = PBXContainerItemProxy;
			containerPortal = A2E2280575FC468B9FDBD030 /* Project object */;
			proxyType = 1;
			remoteGlobalIDString = 75968AB81A9A4324BF98085E;
			remoteInfo = GP2BaseCode;
		};
		A91D61A1DBDA40CFBDFA8576 /* PBXContainerItemProxy */ = {
			isa = PBXContainerItemProxy;
			containerPortal = A2E2280575FC468B9FDBD030 /* Project object */;
			proxyType = 1;
			remoteGlobalIDString = A95FEAB3CB3F4BA3852CE2B6;
			remoteInfo = ZERO_CHECK;
		};
		E86EA7AD43F248A08A6F418D /* PBXContainerItemProxy */ = {
			isa = PBXContainerItemProxy;
			containerPortal = A2E2280575FC468B9FDBD030 /* Project object */;
			proxyType = 1;
			remoteGlobalIDString = A95FEAB3CB3F4BA3852CE2B6;
			remoteInfo = ZERO_CHECK;
		};
/* End PBXContainerItemProxy section */

/* Begin PBXFileReference section */
		17B4C918734145A6BE0CDA0F /* /Users/johnmcmillan/GP2BaseCode/include/Common.h */ = {isa = PBXFileReference; explicitFileType = sourcecode.c.h; fileEncoding = 4; name = Common.h; path = include/Common.h; sourceTree = SOURCE_ROOT; };
		1A00382C142F499FB69689D8 /* /Users/johnmcmillan/GP2BaseCode/src/Texture.cpp */ = {isa = PBXFileReference; explicitFileType = sourcecode.cpp.cpp; fileEncoding = 4; name = Texture.cpp; path = src/Texture.cpp; sourceTree = SOURCE_ROOT; };
		23F7F27908F84AA6A59E110B /* /Users/johnmcmillan/GP2BaseCode/src/Graphics.cpp */ = {isa = PBXFileReference; explicitFileType = sourcecode.cpp.cpp; fileEncoding = 4; name = Graphics.cpp; path = src/Graphics.cpp; sourceTree = SOURCE_ROOT; };
		48436FD711DD4C03995C5E05 /* /Users/johnmcmillan/GP2BaseCode/include/Shader.h */ = {isa = PBXFileReference; explicitFileType = sourcecode.c.h; fileEncoding = 4; name = Shader.h; path = include/Shader.h; sourceTree = SOURCE_ROOT; };
		63A094F33BB5458E8F88511E /* /Users/johnmcmillan/GP2BaseCode/src/Shader.cpp */ = {isa = PBXFileReference; explicitFileType = sourcecode.cpp.cpp; fileEncoding = 4; name = Shader.cpp; path = src/Shader.cpp; sourceTree = SOURCE_ROOT; };
		6C44FD8F435A4AD091402204 /* /Users/johnmcmillan/GP2BaseCode/include/Texture.h */ = {isa = PBXFileReference; explicitFileType = sourcecode.c.h; fileEncoding = 4; name = Texture.h; path = include/Texture.h; sourceTree = SOURCE_ROOT; };
		76A6D71668984810A6ECC14C /* /Users/johnmcmillan/GP2BaseCode/CMakeLists.txt */ = {isa = PBXFileReference; explicitFileType = sourcecode.text; fileEncoding = 4; name = CMakeLists.txt; path = CMakeLists.txt; sourceTree = SOURCE_ROOT; };
		91188A17706045D19848BFBA /* /Users/johnmcmillan/GP2BaseCode/include/Graphics.h */ = {isa = PBXFileReference; explicitFileType = sourcecode.c.h; fileEncoding = 4; name = Graphics.h; path = include/Graphics.h; sourceTree = SOURCE_ROOT; };
		9EC51D422BA44970BC56466C /* /Users/johnmcmillan/GP2BaseCode/src/main.cpp */ = {isa = PBXFileReference; explicitFileType = sourcecode.cpp.cpp; fileEncoding = 4; name = main.cpp; path = src/main.cpp; sourceTree = SOURCE_ROOT; };
		AA0521B68C364B7888BB464F /* /Users/johnmcmillan/GP2BaseCode/CMakeLists.txt */ = {isa = PBXFileReference; explicitFileType = sourcecode.text; fileEncoding = 4; name = CMakeLists.txt; path = CMakeLists.txt; sourceTree = SOURCE_ROOT; };
		E5C9772D38B94B1EB9F60313 /* /Users/johnmcmillan/GP2BaseCode/CMakeLists.txt */ = {isa = PBXFileReference; explicitFileType = sourcecode.text; fileEncoding = 4; name = CMakeLists.txt; path = CMakeLists.txt; sourceTree = SOURCE_ROOT; };
		EC5340F85CED45D991395D2D /* GP2BaseCode */ = {isa = PBXFileReference; explicitFileType = "compiled.mach-o.executable"; path = GP2BaseCode; refType = 0; sourceTree = BUILT_PRODUCTS_DIR; };
/* End PBXFileReference section */

/* Begin PBXGroup section */
		444CF7FC4A264EEDB1990002 /* ALL_BUILD */ = {
			isa = PBXGroup;
			children = (
				A72EBEA6685B469481EA3DB0 /* CMake Rules */,
				76A6D71668984810A6ECC14C /* /Users/johnmcmillan/GP2BaseCode/CMakeLists.txt */,
			);
			name = ALL_BUILD;
			sourceTree = "<group>";
		};
		6076699581D44756A20B18A7 /* Products */ = {
			isa = PBXGroup;
			children = (
				EC5340F85CED45D991395D2D /* GP2BaseCode */,
			);
			name = Products;
			sourceTree = "<group>";
		};
		92069E9293A441ECB7636D54 /* Sources */ = {
			isa = PBXGroup;
			children = (
				444CF7FC4A264EEDB1990002 /* ALL_BUILD */,
				E2CC0AE80DE0477CAB432343 /* GP2BaseCode */,
				E51C81BB52514CB6B942A18B /* ZERO_CHECK */,
			);
			name = Sources;
			sourceTree = "<group>";
		};
		94CF0ECC02A841E98F35D037 /* Header Files */ = {
			isa = PBXGroup;
			children = (
				17B4C918734145A6BE0CDA0F /* /Users/johnmcmillan/GP2BaseCode/include/Common.h */,
				91188A17706045D19848BFBA /* /Users/johnmcmillan/GP2BaseCode/include/Graphics.h */,
				48436FD711DD4C03995C5E05 /* /Users/johnmcmillan/GP2BaseCode/include/Shader.h */,
				6C44FD8F435A4AD091402204 /* /Users/johnmcmillan/GP2BaseCode/include/Texture.h */,
			);
			name = "Header Files";
			sourceTree = "<group>";
		};
		A72EBEA6685B469481EA3DB0 /* CMake Rules */ = {
			isa = PBXGroup;
			children = (
			);
			name = "CMake Rules";
			sourceTree = "<group>";
		};
		C7005D5DF8CA445183EBF147 /* Source Files */ = {
			isa = PBXGroup;
			children = (
				23F7F27908F84AA6A59E110B /* /Users/johnmcmillan/GP2BaseCode/src/Graphics.cpp */,
				63A094F33BB5458E8F88511E /* /Users/johnmcmillan/GP2BaseCode/src/Shader.cpp */,
				1A00382C142F499FB69689D8 /* /Users/johnmcmillan/GP2BaseCode/src/Texture.cpp */,
				9EC51D422BA44970BC56466C /* /Users/johnmcmillan/GP2BaseCode/src/main.cpp */,
			);
			name = "Source Files";
			sourceTree = "<group>";
		};
		CDBBB0B66A2A4F35838D0C5C /* Resources */ = {
			isa = PBXGroup;
			children = (
			);
			name = Resources;
			sourceTree = "<group>";
		};
		E2353A19994F4425B7667F58 /* CMake Rules */ = {
			isa = PBXGroup;
			children = (
			);
			name = "CMake Rules";
			sourceTree = "<group>";
		};
		E2CC0AE80DE0477CAB432343 /* GP2BaseCode */ = {
			isa = PBXGroup;
			children = (
				C7005D5DF8CA445183EBF147 /* Source Files */,
				94CF0ECC02A841E98F35D037 /* Header Files */,
				AA0521B68C364B7888BB464F /* /Users/johnmcmillan/GP2BaseCode/CMakeLists.txt */,
			);
			name = GP2BaseCode;
			sourceTree = "<group>";
		};
		E51C81BB52514CB6B942A18B /* ZERO_CHECK */ = {
			isa = PBXGroup;
			children = (
				E2353A19994F4425B7667F58 /* CMake Rules */,
				E5C9772D38B94B1EB9F60313 /* /Users/johnmcmillan/GP2BaseCode/CMakeLists.txt */,
			);
			name = ZERO_CHECK;
			sourceTree = "<group>";
		};
		EFD6EB000A9F4EBFB9CA0AA0 = {
			isa = PBXGroup;
			children = (
				92069E9293A441ECB7636D54 /* Sources */,
				CDBBB0B66A2A4F35838D0C5C /* Resources */,
				6076699581D44756A20B18A7 /* Products */,
			);
			sourceTree = "<group>";
		};
/* End PBXGroup section */

/* Begin PBXNativeTarget section */
		75968AB81A9A4324BF98085E /* GP2BaseCode */ = {
			isa = PBXNativeTarget;
			buildConfigurationList = C1BF5C058CD14C1BA58EFDAE /* Build configuration list for PBXNativeTarget "GP2BaseCode" */;
			buildPhases = (
				F266033D76BC49F8A065040C /* CMake PreBuild Rules */,
				48D587FB8FFA4E0E9F495E4E /* Sources */,
			);
			buildRules = (
			);
			dependencies = (
				3DCF4A1DABAA48CDB165715A /* PBXTargetDependency */,
			);
			name = GP2BaseCode;
			productName = GP2BaseCode;
			productReference = EC5340F85CED45D991395D2D /* GP2BaseCode */;
			productType = "com.apple.product-type.tool";
		};
/* End PBXNativeTarget section */

/* Begin PBXProject section */
		A2E2280575FC468B9FDBD030 /* Project object */ = {
			isa = PBXProject;
			attributes = {
				BuildIndependentTargetsInParallel = YES;
			};
			buildConfigurationList = 5B82B567C35D4DCA813EF2AA /* Build configuration list for PBXProject "GP2BaseCode" */;
			buildSettings = {
			};
			buildStyles = (
				2DC9F9D354B84C8DA7B20362 /* Debug */,
				1032788F432647EEB188B66E /* Release */,
				DADDBA4073ED42CDB301A074 /* MinSizeRel */,
				9EC5F595FC424AE2A5DC8A40 /* RelWithDebInfo */,
			);
			compatibilityVersion = "Xcode 3.2";
			hasScannedForEncodings = 0;
			mainGroup = EFD6EB000A9F4EBFB9CA0AA0;
			projectDirPath = ../;
			projectRoot = "";
			targets = (
				56942119AA2347D294E56DF3 /* ALL_BUILD */,
				75968AB81A9A4324BF98085E /* GP2BaseCode */,
				A95FEAB3CB3F4BA3852CE2B6 /* ZERO_CHECK */,
			);
		};
/* End PBXProject section */

/* Begin PBXShellScriptBuildPhase section */
		08D353485A4E4B71919684BD /* CMake Rules */ = {
			isa = PBXShellScriptBuildPhase;
			buildActionMask = 2147483647;
			files = (
			);
			name = "CMake Rules";
			runOnlyForDeploymentPostprocessing = 0;
			shellPath = /bin/sh;
			shellScript = "make -C /Users/johnmcmillan/GP2BaseCode/builds -f /Users/johnmcmillan/GP2BaseCode/builds/CMakeScripts/ALL_BUILD_cmakeRulesBuildPhase.make$CONFIGURATION all";
			showEnvVarsInLog = 0;
		};
		40C3890B09D44F92A5D6A51A = {
			isa = PBXShellScriptBuildPhase;
			buildActionMask = 2147483647;
			files = (
			);
			inputPaths = (
			);
			outputPaths = (
			);
			runOnlyForDeploymentPostprocessing = 0;
			shellPath = /bin/sh;
			shellScript = "# shell script goes here
exit 0";
			showEnvVarsInLog = 0;
		};
		7E7950B300E343C59D0D6539 /* CMake Rules */ = {
			isa = PBXShellScriptBuildPhase;
			buildActionMask = 2147483647;
			files = (
			);
			name = "CMake Rules";
			runOnlyForDeploymentPostprocessing = 0;
			shellPath = /bin/sh;
			shellScript = "make -C /Users/johnmcmillan/GP2BaseCode/builds -f /Users/johnmcmillan/GP2BaseCode/builds/CMakeScripts/ZERO_CHECK_cmakeRulesBuildPhase.make$CONFIGURATION all";
			showEnvVarsInLog = 0;
		};
		8153FD133ADA4CFCBF054F26 = {
			isa = PBXShellScriptBuildPhase;
			buildActionMask = 2147483647;
			files = (
			);
			inputPaths = (
			);
			outputPaths = (
			);
			runOnlyForDeploymentPostprocessing = 0;
			shellPath = /bin/sh;
			shellScript = "# shell script goes here
exit 0";
			showEnvVarsInLog = 0;
		};
		F266033D76BC49F8A065040C /* CMake PreBuild Rules */ = {
			isa = PBXShellScriptBuildPhase;
			buildActionMask = 2147483647;
			files = (
			);
			name = "CMake PreBuild Rules";
			runOnlyForDeploymentPostprocessing = 0;
			shellPath = /bin/sh;
			shellScript = "make -C /Users/johnmcmillan/GP2BaseCode/builds -f /Users/johnmcmillan/GP2BaseCode/builds/CMakeScripts/GP2BaseCode_preBuildCommands.make$CONFIGURATION all";
			showEnvVarsInLog = 0;
		};
/* End PBXShellScriptBuildPhase section */

/* Begin PBXSourcesBuildPhase section */
		48D587FB8FFA4E0E9F495E4E /* Sources */ = {
			isa = PBXSourcesBuildPhase;
			buildActionMask = 2147483647;
			files = (
				608A375BA3434248B0650414 /* /Users/johnmcmillan/GP2BaseCode/src/Graphics.cpp */,
				48B003651B344E6E8AE79579 /* /Users/johnmcmillan/GP2BaseCode/src/Shader.cpp */,
				A8B13789653C4327BC124595 /* /Users/johnmcmillan/GP2BaseCode/src/Texture.cpp */,
				2A1C70B49D1E4F5A8F1CB9FF /* /Users/johnmcmillan/GP2BaseCode/src/main.cpp */,
			);
			runOnlyForDeploymentPostprocessing = 0;
		};
/* End PBXSourcesBuildPhase section */

/* Begin PBXTargetDependency section */
		3DCF4A1DABAA48CDB165715A /* PBXTargetDependency */ = {
			isa = PBXTargetDependency;
			target = A95FEAB3CB3F4BA3852CE2B6 /* ZERO_CHECK */;
			targetProxy = E86EA7AD43F248A08A6F418D /* PBXContainerItemProxy */;
		};
		6D30780E3F8B47FCB5CFAF94 /* PBXTargetDependency */ = {
			isa = PBXTargetDependency;
			target = 75968AB81A9A4324BF98085E /* GP2BaseCode */;
			targetProxy = 6834B062C7C4499A9639DD59 /* PBXContainerItemProxy */;
		};
		84B2B12353E54CBA997E222E /* PBXTargetDependency */ = {
			isa = PBXTargetDependency;
			target = A95FEAB3CB3F4BA3852CE2B6 /* ZERO_CHECK */;
			targetProxy = A91D61A1DBDA40CFBDFA8576 /* PBXContainerItemProxy */;
		};
/* End PBXTargetDependency section */

/* Begin XCBuildConfiguration section */
		075AB663117B4DEE826BF2BA /* RelWithDebInfo */ = {
			isa = XCBuildConfiguration;
			buildSettings = {
				COMBINE_HIDPI_IMAGES = YES;
				EXECUTABLE_PREFIX = "";
				EXECUTABLE_SUFFIX = "";
				GCC_GENERATE_DEBUGGING_SYMBOLS = YES;
				GCC_INLINES_ARE_PRIVATE_EXTERN = NO;
				GCC_OPTIMIZATION_LEVEL = 2;
				GCC_PREPROCESSOR_DEFINITIONS = ("'CMAKE_INTDIR=\"$(CONFIGURATION)$(EFFECTIVE_PLATFORM_NAME)\"'", );
				GCC_SYMBOLS_PRIVATE_EXTERN = NO;
				HEADER_SEARCH_PATHS = (/Users/johnmcmillan/GP2BaseCode/GP2BaseCode, /Users/johnmcmillan/GP2BaseCode/include, /opt/local/include/SDL2, /opt/local/include, );
				INSTALL_PATH = "";
				LIBRARY_SEARCH_PATHS = "";
				OTHER_CPLUSPLUSFLAGS = "-std=c++0x         -DNDEBUG  ";
				OTHER_LDFLAGS = " -Wl,-search_paths_first -Wl,-headerpad_max_install_names  /opt/local/lib/libSDL2main.a /opt/local/lib/libSDL2.dylib -framework Cocoa -framework AGL -framework OpenGL /opt/local/lib/libGLEW.dylib /opt/local/lib/libSDL2_image.dylib /opt/local/lib/libSDL2_ttf.dylib";
				OTHER_REZFLAGS = "";
				PRODUCT_NAME = GP2BaseCode;
				SECTORDER_FLAGS = "";
				SYMROOT = /Users/johnmcmillan/GP2BaseCode/builds;
				USE_HEADERMAP = NO;
				WARNING_CFLAGS = ("-Wmost", "-Wno-four-char-constants", "-Wno-unknown-pragmas", "$(inherited)", );
			};
			name = RelWithDebInfo;
		};
		19954ACCA0434E71BBA95A77 /* Debug */ = {
			isa = XCBuildConfiguration;
			buildSettings = {
				COMBINE_HIDPI_IMAGES = YES;
				EXECUTABLE_PREFIX = "";
				EXECUTABLE_SUFFIX = "";
				GCC_GENERATE_DEBUGGING_SYMBOLS = YES;
				GCC_INLINES_ARE_PRIVATE_EXTERN = NO;
				GCC_OPTIMIZATION_LEVEL = 0;
				GCC_PREPROCESSOR_DEFINITIONS = ("'CMAKE_INTDIR=\"$(CONFIGURATION)$(EFFECTIVE_PLATFORM_NAME)\"'", );
				GCC_SYMBOLS_PRIVATE_EXTERN = NO;
				HEADER_SEARCH_PATHS = (/Users/johnmcmillan/GP2BaseCode/GP2BaseCode, /Users/johnmcmillan/GP2BaseCode/include, /opt/local/include/SDL2, /opt/local/include, );
				INSTALL_PATH = "";
				LIBRARY_SEARCH_PATHS = "";
				OTHER_CPLUSPLUSFLAGS = "-std=c++0x      ";
				OTHER_LDFLAGS = " -Wl,-search_paths_first -Wl,-headerpad_max_install_names  /opt/local/lib/libSDL2main.a /opt/local/lib/libSDL2.dylib -framework Cocoa -framework AGL -framework OpenGL /opt/local/lib/libGLEW.dylib /opt/local/lib/libSDL2_image.dylib /opt/local/lib/libSDL2_ttf.dylib";
				OTHER_REZFLAGS = "";
				PRODUCT_NAME = GP2BaseCode;
				SECTORDER_FLAGS = "";
				SYMROOT = /Users/johnmcmillan/GP2BaseCode/builds;
				USE_HEADERMAP = NO;
				WARNING_CFLAGS = ("-Wmost", "-Wno-four-char-constants", "-Wno-unknown-pragmas", "$(inherited)", );
			};
			name = Debug;
		};
		24ECCB2D52B74F3D8CF74915 /* Debug */ = {
			isa = XCBuildConfiguration;
			buildSettings = {
				ONLY_ACTIVE_ARCH = YES;
				SDKROOT = /Applications/Xcode.app/Contents/Developer/Platforms/MacOSX.platform/Developer/SDKs/MacOSX10.11.sdk;
				SYMROOT = /Users/johnmcmillan/GP2BaseCode/builds/build;
			};
			name = Debug;
		};
		2CD504008229410891E66FA5 /* RelWithDebInfo */ = {
			isa = XCBuildConfiguration;
			buildSettings = {
				ONLY_ACTIVE_ARCH = YES;
				SDKROOT = /Applications/Xcode.app/Contents/Developer/Platforms/MacOSX.platform/Developer/SDKs/MacOSX10.11.sdk;
				SYMROOT = /Users/johnmcmillan/GP2BaseCode/builds/build;
			};
			name = RelWithDebInfo;
		};
		2D653C47B134423092612B70 /* RelWithDebInfo */ = {
			isa = XCBuildConfiguration;
			buildSettings = {
				COMBINE_HIDPI_IMAGES = YES;
				GCC_GENERATE_DEBUGGING_SYMBOLS = YES;
				GCC_INLINES_ARE_PRIVATE_EXTERN = NO;
				GCC_OPTIMIZATION_LEVEL = 0;
				GCC_PREPROCESSOR_DEFINITIONS = ("'CMAKE_INTDIR=\"$(CONFIGURATION)$(EFFECTIVE_PLATFORM_NAME)\"'", );
				GCC_SYMBOLS_PRIVATE_EXTERN = NO;
				HEADER_SEARCH_PATHS = (/Users/johnmcmillan/GP2BaseCode/GP2BaseCode, /Users/johnmcmillan/GP2BaseCode/include, /opt/local/include/SDL2, /opt/local/include, );
				INSTALL_PATH = "";
				OTHER_LDFLAGS = " ";
				OTHER_REZFLAGS = "";
				PRODUCT_NAME = ZERO_CHECK;
				SECTORDER_FLAGS = "";
				SYMROOT = /Users/johnmcmillan/GP2BaseCode/builds;
				USE_HEADERMAP = NO;
				WARNING_CFLAGS = ("-Wmost", "-Wno-four-char-constants", "-Wno-unknown-pragmas", "$(inherited)", );
			};
			name = RelWithDebInfo;
		};
		413A96046E3840A39AB16B63 /* MinSizeRel */ = {
			isa = XCBuildConfiguration;
			buildSettings = {
				ONLY_ACTIVE_ARCH = YES;
				SDKROOT = /Applications/Xcode.app/Contents/Developer/Platforms/MacOSX.platform/Developer/SDKs/MacOSX10.11.sdk;
				SYMROOT = /Users/johnmcmillan/GP2BaseCode/builds/build;
			};
			name = MinSizeRel;
		};
		42B3F27D28004EBBB2ECEA41 /* MinSizeRel */ = {
			isa = XCBuildConfiguration;
			buildSettings = {
				COMBINE_HIDPI_IMAGES = YES;
				GCC_GENERATE_DEBUGGING_SYMBOLS = YES;
				GCC_INLINES_ARE_PRIVATE_EXTERN = NO;
				GCC_OPTIMIZATION_LEVEL = 0;
				GCC_PREPROCESSOR_DEFINITIONS = ("'CMAKE_INTDIR=\"$(CONFIGURATION)$(EFFECTIVE_PLATFORM_NAME)\"'", );
				GCC_SYMBOLS_PRIVATE_EXTERN = NO;
				HEADER_SEARCH_PATHS = (/Users/johnmcmillan/GP2BaseCode/GP2BaseCode, /Users/johnmcmillan/GP2BaseCode/include, /opt/local/include/SDL2, /opt/local/include, );
				INSTALL_PATH = "";
				OTHER_LDFLAGS = " ";
				OTHER_REZFLAGS = "";
				PRODUCT_NAME = ALL_BUILD;
				SECTORDER_FLAGS = "";
				SYMROOT = /Users/johnmcmillan/GP2BaseCode/builds;
				USE_HEADERMAP = NO;
				WARNING_CFLAGS = ("-Wmost", "-Wno-four-char-constants", "-Wno-unknown-pragmas", "$(inherited)", );
			};
			name = MinSizeRel;
		};
		53C8BAEFDEED488491CE1F9A /* Release */ = {
			isa = XCBuildConfiguration;
			buildSettings = {
				ONLY_ACTIVE_ARCH = YES;
				SDKROOT = /Applications/Xcode.app/Contents/Developer/Platforms/MacOSX.platform/Developer/SDKs/MacOSX10.11.sdk;
				SYMROOT = /Users/johnmcmillan/GP2BaseCode/builds/build;
			};
			name = Release;
		};
		8655C0D49808456690855895 /* Release */ = {
			isa = XCBuildConfiguration;
			buildSettings = {
				COMBINE_HIDPI_IMAGES = YES;
				EXECUTABLE_PREFIX = "";
				EXECUTABLE_SUFFIX = "";
				GCC_GENERATE_DEBUGGING_SYMBOLS = NO;
				GCC_INLINES_ARE_PRIVATE_EXTERN = NO;
				GCC_OPTIMIZATION_LEVEL = 3;
				GCC_PREPROCESSOR_DEFINITIONS = ("'CMAKE_INTDIR=\"$(CONFIGURATION)$(EFFECTIVE_PLATFORM_NAME)\"'", );
				GCC_SYMBOLS_PRIVATE_EXTERN = NO;
				HEADER_SEARCH_PATHS = (/Users/johnmcmillan/GP2BaseCode/GP2BaseCode, /Users/johnmcmillan/GP2BaseCode/include, /opt/local/include/SDL2, /opt/local/include, );
				INSTALL_PATH = "";
				LIBRARY_SEARCH_PATHS = "";
				OTHER_CPLUSPLUSFLAGS = "-std=c++0x      -DNDEBUG  ";
				OTHER_LDFLAGS = " -Wl,-search_paths_first -Wl,-headerpad_max_install_names  /opt/local/lib/libSDL2main.a /opt/local/lib/libSDL2.dylib -framework Cocoa -framework AGL -framework OpenGL /opt/local/lib/libGLEW.dylib /opt/local/lib/libSDL2_image.dylib /opt/local/lib/libSDL2_ttf.dylib";
				OTHER_REZFLAGS = "";
				PRODUCT_NAME = GP2BaseCode;
				SECTORDER_FLAGS = "";
				SYMROOT = /Users/johnmcmillan/GP2BaseCode/builds;
				USE_HEADERMAP = NO;
				WARNING_CFLAGS = ("-Wmost", "-Wno-four-char-constants", "-Wno-unknown-pragmas", "$(inherited)", );
			};
			name = Release;
		};
		93917E42B83745E190F4BDD5 /* MinSizeRel */ = {
			isa = XCBuildConfiguration;
			buildSettings = {
				COMBINE_HIDPI_IMAGES = YES;
				GCC_GENERATE_DEBUGGING_SYMBOLS = YES;
				GCC_INLINES_ARE_PRIVATE_EXTERN = NO;
				GCC_OPTIMIZATION_LEVEL = 0;
				GCC_PREPROCESSOR_DEFINITIONS = ("'CMAKE_INTDIR=\"$(CONFIGURATION)$(EFFECTIVE_PLATFORM_NAME)\"'", );
				GCC_SYMBOLS_PRIVATE_EXTERN = NO;
				HEADER_SEARCH_PATHS = (/Users/johnmcmillan/GP2BaseCode/GP2BaseCode, /Users/johnmcmillan/GP2BaseCode/include, /opt/local/include/SDL2, /opt/local/include, );
				INSTALL_PATH = "";
				OTHER_LDFLAGS = " ";
				OTHER_REZFLAGS = "";
				PRODUCT_NAME = ZERO_CHECK;
				SECTORDER_FLAGS = "";
				SYMROOT = /Users/johnmcmillan/GP2BaseCode/builds;
				USE_HEADERMAP = NO;
				WARNING_CFLAGS = ("-Wmost", "-Wno-four-char-constants", "-Wno-unknown-pragmas", "$(inherited)", );
			};
			name = MinSizeRel;
		};
		9FC11207BA2049168A204FC4 /* Debug */ = {
			isa = XCBuildConfiguration;
			buildSettings = {
				COMBINE_HIDPI_IMAGES = YES;
				GCC_GENERATE_DEBUGGING_SYMBOLS = YES;
				GCC_INLINES_ARE_PRIVATE_EXTERN = NO;
				GCC_OPTIMIZATION_LEVEL = 0;
				GCC_PREPROCESSOR_DEFINITIONS = ("'CMAKE_INTDIR=\"$(CONFIGURATION)$(EFFECTIVE_PLATFORM_NAME)\"'", );
				GCC_SYMBOLS_PRIVATE_EXTERN = NO;
				HEADER_SEARCH_PATHS = (/Users/johnmcmillan/GP2BaseCode/GP2BaseCode, /Users/johnmcmillan/GP2BaseCode/include, /opt/local/include/SDL2, /opt/local/include, );
				INSTALL_PATH = "";
				OTHER_LDFLAGS = " ";
				OTHER_REZFLAGS = "";
				PRODUCT_NAME = ZERO_CHECK;
				SECTORDER_FLAGS = "";
				SYMROOT = /Users/johnmcmillan/GP2BaseCode/builds;
				USE_HEADERMAP = NO;
				WARNING_CFLAGS = ("-Wmost", "-Wno-four-char-constants", "-Wno-unknown-pragmas", "$(inherited)", );
			};
			name = Debug;
		};
		ABACDAFB47F94A69AD2B0EC6 /* Debug */ = {
			isa = XCBuildConfiguration;
			buildSettings = {
				COMBINE_HIDPI_IMAGES = YES;
				GCC_GENERATE_DEBUGGING_SYMBOLS = YES;
				GCC_INLINES_ARE_PRIVATE_EXTERN = NO;
				GCC_OPTIMIZATION_LEVEL = 0;
				GCC_PREPROCESSOR_DEFINITIONS = ("'CMAKE_INTDIR=\"$(CONFIGURATION)$(EFFECTIVE_PLATFORM_NAME)\"'", );
				GCC_SYMBOLS_PRIVATE_EXTERN = NO;
				HEADER_SEARCH_PATHS = (/Users/johnmcmillan/GP2BaseCode/GP2BaseCode, /Users/johnmcmillan/GP2BaseCode/include, /opt/local/include/SDL2, /opt/local/include, );
				INSTALL_PATH = "";
				OTHER_LDFLAGS = " ";
				OTHER_REZFLAGS = "";
				PRODUCT_NAME = ALL_BUILD;
				SECTORDER_FLAGS = "";
				SYMROOT = /Users/johnmcmillan/GP2BaseCode/builds;
				USE_HEADERMAP = NO;
				WARNING_CFLAGS = ("-Wmost", "-Wno-four-char-constants", "-Wno-unknown-pragmas", "$(inherited)", );
			};
			name = Debug;
		};
		B32CDD2C9D1B44A3B643D787 /* MinSizeRel */ = {
			isa = XCBuildConfiguration;
			buildSettings = {
				COMBINE_HIDPI_IMAGES = YES;
				EXECUTABLE_PREFIX = "";
				EXECUTABLE_SUFFIX = "";
				GCC_GENERATE_DEBUGGING_SYMBOLS = NO;
				GCC_INLINES_ARE_PRIVATE_EXTERN = NO;
				GCC_OPTIMIZATION_LEVEL = s;
				GCC_PREPROCESSOR_DEFINITIONS = ("'CMAKE_INTDIR=\"$(CONFIGURATION)$(EFFECTIVE_PLATFORM_NAME)\"'", );
				GCC_SYMBOLS_PRIVATE_EXTERN = NO;
				HEADER_SEARCH_PATHS = (/Users/johnmcmillan/GP2BaseCode/GP2BaseCode, /Users/johnmcmillan/GP2BaseCode/include, /opt/local/include/SDL2, /opt/local/include, );
				INSTALL_PATH = "";
				LIBRARY_SEARCH_PATHS = "";
				OTHER_CPLUSPLUSFLAGS = "-std=c++0x      -DNDEBUG  ";
				OTHER_LDFLAGS = " -Wl,-search_paths_first -Wl,-headerpad_max_install_names  /opt/local/lib/libSDL2main.a /opt/local/lib/libSDL2.dylib -framework Cocoa -framework AGL -framework OpenGL /opt/local/lib/libGLEW.dylib /opt/local/lib/libSDL2_image.dylib /opt/local/lib/libSDL2_ttf.dylib";
				OTHER_REZFLAGS = "";
				PRODUCT_NAME = GP2BaseCode;
				SECTORDER_FLAGS = "";
				SYMROOT = /Users/johnmcmillan/GP2BaseCode/builds;
				USE_HEADERMAP = NO;
				WARNING_CFLAGS = ("-Wmost", "-Wno-four-char-constants", "-Wno-unknown-pragmas", "$(inherited)", );
			};
			name = MinSizeRel;
		};
		BCF40B964FF642019FDD0F3C /* RelWithDebInfo */ = {
			isa = XCBuildConfiguration;
			buildSettings = {
				COMBINE_HIDPI_IMAGES = YES;
				GCC_GENERATE_DEBUGGING_SYMBOLS = YES;
				GCC_INLINES_ARE_PRIVATE_EXTERN = NO;
				GCC_OPTIMIZATION_LEVEL = 0;
				GCC_PREPROCESSOR_DEFINITIONS = ("'CMAKE_INTDIR=\"$(CONFIGURATION)$(EFFECTIVE_PLATFORM_NAME)\"'", );
				GCC_SYMBOLS_PRIVATE_EXTERN = NO;
				HEADER_SEARCH_PATHS = (/Users/johnmcmillan/GP2BaseCode/GP2BaseCode, /Users/johnmcmillan/GP2BaseCode/include, /opt/local/include/SDL2, /opt/local/include, );
				INSTALL_PATH = "";
				OTHER_LDFLAGS = " ";
				OTHER_REZFLAGS = "";
				PRODUCT_NAME = ALL_BUILD;
				SECTORDER_FLAGS = "";
				SYMROOT = /Users/johnmcmillan/GP2BaseCode/builds;
				USE_HEADERMAP = NO;
				WARNING_CFLAGS = ("-Wmost", "-Wno-four-char-constants", "-Wno-unknown-pragmas", "$(inherited)", );
			};
			name = RelWithDebInfo;
		};
		E1D7AF43CD3C4C4A8D0294E2 /* Release */ = {
			isa = XCBuildConfiguration;
			buildSettings = {
				COMBINE_HIDPI_IMAGES = YES;
				GCC_GENERATE_DEBUGGING_SYMBOLS = YES;
				GCC_INLINES_ARE_PRIVATE_EXTERN = NO;
				GCC_OPTIMIZATION_LEVEL = 0;
				GCC_PREPROCESSOR_DEFINITIONS = ("'CMAKE_INTDIR=\"$(CONFIGURATION)$(EFFECTIVE_PLATFORM_NAME)\"'", );
				GCC_SYMBOLS_PRIVATE_EXTERN = NO;
				HEADER_SEARCH_PATHS = (/Users/johnmcmillan/GP2BaseCode/GP2BaseCode, /Users/johnmcmillan/GP2BaseCode/include, /opt/local/include/SDL2, /opt/local/include, );
				INSTALL_PATH = "";
				OTHER_LDFLAGS = " ";
				OTHER_REZFLAGS = "";
				PRODUCT_NAME = ALL_BUILD;
				SECTORDER_FLAGS = "";
				SYMROOT = /Users/johnmcmillan/GP2BaseCode/builds;
				USE_HEADERMAP = NO;
				WARNING_CFLAGS = ("-Wmost", "-Wno-four-char-constants", "-Wno-unknown-pragmas", "$(inherited)", );
			};
			name = Release;
		};
		F662EA4B43344019A5E3039C /* Release */ = {
			isa = XCBuildConfiguration;
			buildSettings = {
				COMBINE_HIDPI_IMAGES = YES;
				GCC_GENERATE_DEBUGGING_SYMBOLS = YES;
				GCC_INLINES_ARE_PRIVATE_EXTERN = NO;
				GCC_OPTIMIZATION_LEVEL = 0;
				GCC_PREPROCESSOR_DEFINITIONS = ("'CMAKE_INTDIR=\"$(CONFIGURATION)$(EFFECTIVE_PLATFORM_NAME)\"'", );
				GCC_SYMBOLS_PRIVATE_EXTERN = NO;
				HEADER_SEARCH_PATHS = (/Users/johnmcmillan/GP2BaseCode/GP2BaseCode, /Users/johnmcmillan/GP2BaseCode/include, /opt/local/include/SDL2, /opt/local/include, );
				INSTALL_PATH = "";
				OTHER_LDFLAGS = " ";
				OTHER_REZFLAGS = "";
				PRODUCT_NAME = ZERO_CHECK;
				SECTORDER_FLAGS = "";
				SYMROOT = /Users/johnmcmillan/GP2BaseCode/builds;
				USE_HEADERMAP = NO;
				WARNING_CFLAGS = ("-Wmost", "-Wno-four-char-constants", "-Wno-unknown-pragmas", "$(inherited)", );
			};
			name = Release;
		};
/* End XCBuildConfiguration section */

/* Begin XCConfigurationList section */
		4EFB112F4E6B4829B6E5BAFF /* Build configuration list for PBXAggregateTarget "ZERO_CHECK" */ = {
			isa = XCConfigurationList;
			buildConfigurations = (
				9FC11207BA2049168A204FC4 /* Debug */,
				F662EA4B43344019A5E3039C /* Release */,
				93917E42B83745E190F4BDD5 /* MinSizeRel */,
				2D653C47B134423092612B70 /* RelWithDebInfo */,
			);
			defaultConfigurationIsVisible = 0;
			defaultConfigurationName = Debug;
		};
		5B82B567C35D4DCA813EF2AA /* Build configuration list for PBXProject "GP2BaseCode" */ = {
			isa = XCConfigurationList;
			buildConfigurations = (
				24ECCB2D52B74F3D8CF74915 /* Debug */,
				53C8BAEFDEED488491CE1F9A /* Release */,
				413A96046E3840A39AB16B63 /* MinSizeRel */,
				2CD504008229410891E66FA5 /* RelWithDebInfo */,
			);
			defaultConfigurationIsVisible = 0;
			defaultConfigurationName = Debug;
		};
		8C633F7659E3428287FE5CB0 /* Build configuration list for PBXAggregateTarget "ALL_BUILD" */ = {
			isa = XCConfigurationList;
			buildConfigurations = (
				ABACDAFB47F94A69AD2B0EC6 /* Debug */,
				E1D7AF43CD3C4C4A8D0294E2 /* Release */,
				42B3F27D28004EBBB2ECEA41 /* MinSizeRel */,
				BCF40B964FF642019FDD0F3C /* RelWithDebInfo */,
			);
			defaultConfigurationIsVisible = 0;
			defaultConfigurationName = Debug;
		};
		C1BF5C058CD14C1BA58EFDAE /* Build configuration list for PBXNativeTarget "GP2BaseCode" */ = {
			isa = XCConfigurationList;
			buildConfigurations = (
				19954ACCA0434E71BBA95A77 /* Debug */,
				8655C0D49808456690855895 /* Release */,
				B32CDD2C9D1B44A3B643D787 /* MinSizeRel */,
				075AB663117B4DEE826BF2BA /* RelWithDebInfo */,
			);
			defaultConfigurationIsVisible = 0;
			defaultConfigurationName = Debug;
		};
/* End XCConfigurationList section */
	};
	rootObject = A2E2280575FC468B9FDBD030 /* Project object */;
}
